<?xml version="1.0" encoding="utf-8"?>
<Project ToolsVersion="4.0" xmlns="http://schemas.microsoft.com/developer/msbuild/2003">
  <ItemGroup>
    <ClCompile Include="LoadShaders.cpp" />
    <ClCompile Include="main.cpp" />
    <ClCompile Include="stdafx.cpp" />
  </ItemGroup>
  <ItemGroup>
    <ClInclude Include="LoadShaders.h" />
    <ClInclude Include="stdafx.h" />
    <ClInclude Include="targetver.h" />
    <ClInclude Include="resource.h" />
    <ClInclude Include="vmath.h" />
  </ItemGroup>
  <ItemGroup>
    <Text Include="ReadMe.txt" />
  </ItemGroup>
  <ItemGroup>
    <Filter Include="Shaders">
      <UniqueIdentifier>{93d03b31-7444-4c5b-b1d5-d46877c2d4b9}</UniqueIdentifier>
    </Filter>
  </ItemGroup>
  <ItemGroup>
    <None Include="3DCoordTrans.frag">
      <Filter>Shaders</Filter>
    </None>
    <None Include="3DCoordTrans.vert">
      <Filter>Shaders</Filter>
    </None>
    <None Include="3DTransform.frag">
      <Filter>Shaders</Filter>
    </None>
    <None Include="3DTransform.vert">
      <Filter>Shaders</Filter>
    </None>
  </ItemGroup>
</Project>